
Microsoft Visual Studio Solution File, Format Version 12.00
# Visual Studio Version 16
VisualStudioVersion = 16.0.31911.196
MinimumVisualStudioVersion = 10.0.40219.1
Project("{FAE04EC0-301F-11D3-BF4B-00C04F79EFBC}") = "Projeto_Final_1", "Projeto_Final_1\Projeto_Final_1.csproj", "{49F0C3DF-5A40-4622-AED6-C55AEA960B74}"
EndProject
Global
	GlobalSection(SolutionConfigurationPlatforms) = preSolution
		Debug|Any CPU = Debug|Any CPU
		Release|Any CPU = Release|Any CPU
	EndGlobalSection
	GlobalSection(ProjectConfigurationPlatforms) = postSolution
		{49F0C3DF-5A40-4622-AED6-C55AEA960B74}.Debug|Any CPU.ActiveCfg = Debug|Any CPU
		{49F0C3DF-5A40-4622-AED6-C55AEA960B74}.Debug|Any CPU.Build.0 = Debug|Any CPU
		{49F0C3DF-5A40-4622-AED6-C55AEA960B74}.Release|Any CPU.ActiveCfg = Release|Any CPU
		{49F0C3DF-5A40-4622-AED6-C55AEA960B74}.Release|Any CPU.Build.0 = Release|Any CPU
	EndGlobalSection
	GlobalSection(SolutionProperties) = preSolution
		HideSolutionNode = FALSE
	EndGlobalSection
	GlobalSection(ExtensibilityGlobals) = postSolution
		SolutionGuid = {3F184E30-8363-41E1-A926-4BF58C44AF42}
	EndGlobalSection
EndGlobal
